
Microsoft Visual Studio Solution File, Format Version 12.00
# Visual Studio Version 17
VisualStudioVersion = 17.2.32616.157
MinimumVisualStudioVersion = 10.0.40219.1
Project("{FAE04EC0-301F-11D3-BF4B-00C04F79EFBC}") = "Assignment_1_Exercise_Parsing", "Assignment_1_Exercise_Parsing\Assignment_1_Exercise_Parsing.csproj", "{0C64D20F-8F2E-4461-A1A6-6B6CF35973EF}"
EndProject
Global
	GlobalSection(SolutionConfigurationPlatforms) = preSolution
		Debug|Any CPU = Debug|Any CPU
		Release|Any CPU = Release|Any CPU
	EndGlobalSection
	GlobalSection(ProjectConfigurationPlatforms) = postSolution
		{0C64D20F-8F2E-4461-A1A6-6B6CF35973EF}.Debug|Any CPU.ActiveCfg = Debug|Any CPU
		{0C64D20F-8F2E-4461-A1A6-6B6CF35973EF}.Debug|Any CPU.Build.0 = Debug|Any CPU
		{0C64D20F-8F2E-4461-A1A6-6B6CF35973EF}.Release|Any CPU.ActiveCfg = Release|Any CPU
		{0C64D20F-8F2E-4461-A1A6-6B6CF35973EF}.Release|Any CPU.Build.0 = Release|Any CPU
	EndGlobalSection
	GlobalSection(SolutionProperties) = preSolution
		HideSolutionNode = FALSE
	EndGlobalSection
	GlobalSection(ExtensibilityGlobals) = postSolution
		SolutionGuid = {6B94A95E-2705-40AE-A302-BB08BDEDF25B}
	EndGlobalSection
EndGlobal
